{
  "name": "ip_service",
  "version": "1.0.0",
  "lockfileVersion": 1,
  "requires": true,
  "dependencies": {
    "match-all": {
      "version": "1.2.5",
      "resolved": "https://registry.npmjs.org/match-all/-/match-all-1.2.5.tgz",
      "integrity": "sha512-KW4trRDMYbVkAKZ1J655vh0931mk3XM1lIJ480TXUL3KBrOsZ6WpryYJELonvtXC1O4erLYB069uHidLkswbjQ=="
    },
    "nodemailer": {
      "version": "6.1.1",
      "resolved": "https://registry.npmjs.org/nodemailer/-/nodemailer-6.1.1.tgz",
      "integrity": "sha512-/x5MRIh56VyuuhLfcz+DL2SlBARpZpgQIf2A4Ao4hMb69MHSgDIMPwYmFwesGT1lkRDZ0eBSoym5+JoIZ3N+cQ=="
    }
  }
}
